// !$*UTF8*$!
{
	archiveVersion = 1;
	classes = {
	};
	objectVersion = 56;
	objects = {

/* Begin PBXBuildFile section */
		DB14C34129DA8B8C00F6C6D4 /* OweTableViewCell.swift in Sources */ = {isa = PBXBuildFile; fileRef = DB14C34029DA8B8C00F6C6D4 /* OweTableViewCell.swift */; };
		DB14C34429DA943E00F6C6D4 /* LoginViewController.swift in Sources */ = {isa = PBXBuildFile; fileRef = DB14C34329DA943E00F6C6D4 /* LoginViewController.swift */; };
		DB14C34729DAB6AD00F6C6D4 /* Delegate.swift in Sources */ = {isa = PBXBuildFile; fileRef = DB14C34629DAB6AD00F6C6D4 /* Delegate.swift */; };
		DB14C34929DABBB300F6C6D4 /* DeviceHelper.swift in Sources */ = {isa = PBXBuildFile; fileRef = DB14C34829DABBB300F6C6D4 /* DeviceHelper.swift */; };
		DB14C34B29DC23B300F6C6D4 /* LoginModel.swift in Sources */ = {isa = PBXBuildFile; fileRef = DB14C34A29DC23B300F6C6D4 /* LoginModel.swift */; };
		DB14C34D29DC338500F6C6D4 /* Extension.swift in Sources */ = {isa = PBXBuildFile; fileRef = DB14C34C29DC338500F6C6D4 /* Extension.swift */; };
		DB14C35029DE749200F6C6D4 /* RegisterViewController.swift in Sources */ = {isa = PBXBuildFile; fileRef = DB14C34F29DE749200F6C6D4 /* RegisterViewController.swift */; };
		DBE16A1329C569EB007C672D /* AppDelegate.swift in Sources */ = {isa = PBXBuildFile; fileRef = DBE16A1229C569EB007C672D /* AppDelegate.swift */; };
		DBE16A1529C569EB007C672D /* SceneDelegate.swift in Sources */ = {isa = PBXBuildFile; fileRef = DBE16A1429C569EB007C672D /* SceneDelegate.swift */; };
		DBE16A1729C569EB007C672D /* ViewController.swift in Sources */ = {isa = PBXBuildFile; fileRef = DBE16A1629C569EB007C672D /* ViewController.swift */; };
		DBE16A1A29C569EB007C672D /* Main.storyboard in Resources */ = {isa = PBXBuildFile; fileRef = DBE16A1829C569EB007C672D /* Main.storyboard */; };
		DBE16A1C29C569EC007C672D /* Assets.xcassets in Resources */ = {isa = PBXBuildFile; fileRef = DBE16A1B29C569EC007C672D /* Assets.xcassets */; };
		DBE16A1F29C569EC007C672D /* LaunchScreen.storyboard in Resources */ = {isa = PBXBuildFile; fileRef = DBE16A1D29C569EC007C672D /* LaunchScreen.storyboard */; };
		DBE16A2A29D04812007C672D /* HomeViewController.swift in Sources */ = {isa = PBXBuildFile; fileRef = DBE16A2929D04812007C672D /* HomeViewController.swift */; };
		DBE16A2C29D0498F007C672D /* PostViewController.swift in Sources */ = {isa = PBXBuildFile; fileRef = DBE16A2B29D0498F007C672D /* PostViewController.swift */; };
		DBE16A2E29D049C4007C672D /* AccountViewController.swift in Sources */ = {isa = PBXBuildFile; fileRef = DBE16A2D29D049C4007C672D /* AccountViewController.swift */; };
		DBE16A3329D58C31007C672D /* StoryCellHomeTableViewCell.swift in Sources */ = {isa = PBXBuildFile; fileRef = DBE16A3229D58C31007C672D /* StoryCellHomeTableViewCell.swift */; };
		DBE16A3629D59239007C672D /* StoryModel.swift in Sources */ = {isa = PBXBuildFile; fileRef = DBE16A3529D59239007C672D /* StoryModel.swift */; };
		DBE16A3929D73B70007C672D /* HttpData.swift in Sources */ = {isa = PBXBuildFile; fileRef = DBE16A3829D73B70007C672D /* HttpData.swift */; };
		DBE16A3B29D74D12007C672D /* Constants.swift in Sources */ = {isa = PBXBuildFile; fileRef = DBE16A3A29D74D12007C672D /* Constants.swift */; };
		DBE16A3D29D74FBA007C672D /* ResponseCategory.swift in Sources */ = {isa = PBXBuildFile; fileRef = DBE16A3C29D74FBA007C672D /* ResponseCategory.swift */; };
		DBE16A4029D7E513007C672D /* UiHelpers.swift in Sources */ = {isa = PBXBuildFile; fileRef = DBE16A3F29D7E513007C672D /* UiHelpers.swift */; };
/* End PBXBuildFile section */

/* Begin PBXFileReference section */
		DB14C34029DA8B8C00F6C6D4 /* OweTableViewCell.swift */ = {isa = PBXFileReference; lastKnownFileType = sourcecode.swift; path = OweTableViewCell.swift; sourceTree = "<group>"; };
		DB14C34329DA943E00F6C6D4 /* LoginViewController.swift */ = {isa = PBXFileReference; lastKnownFileType = sourcecode.swift; path = LoginViewController.swift; sourceTree = "<group>"; };
		DB14C34629DAB6AD00F6C6D4 /* Delegate.swift */ = {isa = PBXFileReference; lastKnownFileType = sourcecode.swift; path = Delegate.swift; sourceTree = "<group>"; };
		DB14C34829DABBB300F6C6D4 /* DeviceHelper.swift */ = {isa = PBXFileReference; lastKnownFileType = sourcecode.swift; path = DeviceHelper.swift; sourceTree = "<group>"; };
		DB14C34A29DC23B300F6C6D4 /* LoginModel.swift */ = {isa = PBXFileReference; lastKnownFileType = sourcecode.swift; path = LoginModel.swift; sourceTree = "<group>"; };
		DB14C34C29DC338500F6C6D4 /* Extension.swift */ = {isa = PBXFileReference; lastKnownFileType = sourcecode.swift; path = Extension.swift; sourceTree = "<group>"; };
		DB14C34F29DE749200F6C6D4 /* RegisterViewController.swift */ = {isa = PBXFileReference; lastKnownFileType = sourcecode.swift; path = RegisterViewController.swift; sourceTree = "<group>"; };
		DBE16A0F29C569EB007C672D /* MuaBanRaoVat.app */ = {isa = PBXFileReference; explicitFileType = wrapper.application; includeInIndex = 0; path = MuaBanRaoVat.app; sourceTree = BUILT_PRODUCTS_DIR; };
		DBE16A1229C569EB007C672D /* AppDelegate.swift */ = {isa = PBXFileReference; lastKnownFileType = sourcecode.swift; path = AppDelegate.swift; sourceTree = "<group>"; };
		DBE16A1429C569EB007C672D /* SceneDelegate.swift */ = {isa = PBXFileReference; lastKnownFileType = sourcecode.swift; path = SceneDelegate.swift; sourceTree = "<group>"; };
		DBE16A1629C569EB007C672D /* ViewController.swift */ = {isa = PBXFileReference; lastKnownFileType = sourcecode.swift; path = ViewController.swift; sourceTree = "<group>"; };
		DBE16A1929C569EB007C672D /* Base */ = {isa = PBXFileReference; lastKnownFileType = file.storyboard; name = Base; path = Base.lproj/Main.storyboard; sourceTree = "<group>"; };
		DBE16A1B29C569EC007C672D /* Assets.xcassets */ = {isa = PBXFileReference; lastKnownFileType = folder.assetcatalog; path = Assets.xcassets; sourceTree = "<group>"; };
		DBE16A1E29C569EC007C672D /* Base */ = {isa = PBXFileReference; lastKnownFileType = file.storyboard; name = Base; path = Base.lproj/LaunchScreen.storyboard; sourceTree = "<group>"; };
		DBE16A2029C569EC007C672D /* Info.plist */ = {isa = PBXFileReference; lastKnownFileType = text.plist.xml; path = Info.plist; sourceTree = "<group>"; };
		DBE16A2929D04812007C672D /* HomeViewController.swift */ = {isa = PBXFileReference; lastKnownFileType = sourcecode.swift; path = HomeViewController.swift; sourceTree = "<group>"; };
		DBE16A2B29D0498F007C672D /* PostViewController.swift */ = {isa = PBXFileReference; lastKnownFileType = sourcecode.swift; path = PostViewController.swift; sourceTree = "<group>"; };
		DBE16A2D29D049C4007C672D /* AccountViewController.swift */ = {isa = PBXFileReference; lastKnownFileType = sourcecode.swift; path = AccountViewController.swift; sourceTree = "<group>"; };
		DBE16A3229D58C31007C672D /* StoryCellHomeTableViewCell.swift */ = {isa = PBXFileReference; lastKnownFileType = sourcecode.swift; path = StoryCellHomeTableViewCell.swift; sourceTree = "<group>"; };
		DBE16A3529D59239007C672D /* StoryModel.swift */ = {isa = PBXFileReference; lastKnownFileType = sourcecode.swift; path = StoryModel.swift; sourceTree = "<group>"; };
		DBE16A3829D73B70007C672D /* HttpData.swift */ = {isa = PBXFileReference; lastKnownFileType = sourcecode.swift; path = HttpData.swift; sourceTree = "<group>"; };
		DBE16A3A29D74D12007C672D /* Constants.swift */ = {isa = PBXFileReference; lastKnownFileType = sourcecode.swift; path = Constants.swift; sourceTree = "<group>"; };
		DBE16A3C29D74FBA007C672D /* ResponseCategory.swift */ = {isa = PBXFileReference; lastKnownFileType = sourcecode.swift; path = ResponseCategory.swift; sourceTree = "<group>"; };
		DBE16A3F29D7E513007C672D /* UiHelpers.swift */ = {isa = PBXFileReference; lastKnownFileType = sourcecode.swift; path = UiHelpers.swift; sourceTree = "<group>"; };
/* End PBXFileReference section */

/* Begin PBXFrameworksBuildPhase section */
		DBE16A0C29C569EB007C672D /* Frameworks */ = {
			isa = PBXFrameworksBuildPhase;
			buildActionMask = 2147483647;
			files = (
			);
			runOnlyForDeploymentPostprocessing = 0;
		};
/* End PBXFrameworksBuildPhase section */

/* Begin PBXGroup section */
		DB14C33F29DA8B5900F6C6D4 /* TableController */ = {
			isa = PBXGroup;
			children = (
				DB14C34029DA8B8C00F6C6D4 /* OweTableViewCell.swift */,
			);
			path = TableController;
			sourceTree = "<group>";
		};
		DB14C34229DA941E00F6C6D4 /* LoginScreen */ = {
			isa = PBXGroup;
			children = (
				DB14C34329DA943E00F6C6D4 /* LoginViewController.swift */,
			);
			path = LoginScreen;
			sourceTree = "<group>";
		};
		DB14C34529DAB69C00F6C6D4 /* Delegates */ = {
			isa = PBXGroup;
			children = (
				DB14C34629DAB6AD00F6C6D4 /* Delegate.swift */,
			);
			path = Delegates;
			sourceTree = "<group>";
		};
		DB14C34E29DE73ED00F6C6D4 /* RegisterScreen */ = {
			isa = PBXGroup;
			children = (
				DB14C34F29DE749200F6C6D4 /* RegisterViewController.swift */,
			);
			path = RegisterScreen;
			sourceTree = "<group>";
		};
		DBE16A0629C569EB007C672D = {
			isa = PBXGroup;
			children = (
				DBE16A1129C569EB007C672D /* MuaBanRaoVat */,
				DBE16A1029C569EB007C672D /* Products */,
			);
			sourceTree = "<group>";
		};
		DBE16A1029C569EB007C672D /* Products */ = {
			isa = PBXGroup;
			children = (
				DBE16A0F29C569EB007C672D /* MuaBanRaoVat.app */,
			);
			name = Products;
			sourceTree = "<group>";
		};
		DBE16A1129C569EB007C672D /* MuaBanRaoVat */ = {
			isa = PBXGroup;
			children = (
				DB14C34529DAB69C00F6C6D4 /* Delegates */,
				DBE16A3E29D7E4F3007C672D /* Helpers */,
				DBE16A3729D73AEA007C672D /* Data */,
				DBE16A3429D59224007C672D /* models */,
				DBE16A2829D047D7007C672D /* AccountScreen */,
				DBE16A2629D047AB007C672D /* HomeScreen */,
				DBE16A2729D047C0007C672D /* PostScreen */,
				DBE16A1229C569EB007C672D /* AppDelegate.swift */,
				DBE16A1429C569EB007C672D /* SceneDelegate.swift */,
				DBE16A1629C569EB007C672D /* ViewController.swift */,
				DBE16A1829C569EB007C672D /* Main.storyboard */,
				DBE16A1B29C569EC007C672D /* Assets.xcassets */,
				DBE16A1D29C569EC007C672D /* LaunchScreen.storyboard */,
				DBE16A2029C569EC007C672D /* Info.plist */,
			);
			path = MuaBanRaoVat;
			sourceTree = "<group>";
		};
		DBE16A2629D047AB007C672D /* HomeScreen */ = {
			isa = PBXGroup;
			children = (
				DBE16A2F29D58BA0007C672D /* controllers */,
				DBE16A2929D04812007C672D /* HomeViewController.swift */,
			);
			path = HomeScreen;
			sourceTree = "<group>";
		};
		DBE16A2729D047C0007C672D /* PostScreen */ = {
			isa = PBXGroup;
			children = (
				DBE16A2B29D0498F007C672D /* PostViewController.swift */,
			);
			path = PostScreen;
			sourceTree = "<group>";
		};
		DBE16A2829D047D7007C672D /* AccountScreen */ = {
			isa = PBXGroup;
			children = (
				DB14C34E29DE73ED00F6C6D4 /* RegisterScreen */,
				DB14C34229DA941E00F6C6D4 /* LoginScreen */,
				DB14C33F29DA8B5900F6C6D4 /* TableController */,
				DBE16A2D29D049C4007C672D /* AccountViewController.swift */,
			);
			path = AccountScreen;
			sourceTree = "<group>";
		};
		DBE16A2F29D58BA0007C672D /* controllers */ = {
			isa = PBXGroup;
			children = (
				DBE16A3229D58C31007C672D /* StoryCellHomeTableViewCell.swift */,
			);
			path = controllers;
			sourceTree = "<group>";
		};
		DBE16A3429D59224007C672D /* models */ = {
			isa = PBXGroup;
			children = (
				DBE16A3529D59239007C672D /* StoryModel.swift */,
				DB14C34A29DC23B300F6C6D4 /* LoginModel.swift */,
			);
			path = models;
			sourceTree = "<group>";
		};
		DBE16A3729D73AEA007C672D /* Data */ = {
			isa = PBXGroup;
			children = (
				DBE16A3829D73B70007C672D /* HttpData.swift */,
				DBE16A3A29D74D12007C672D /* Constants.swift */,
				DBE16A3C29D74FBA007C672D /* ResponseCategory.swift */,
			);
			path = Data;
			sourceTree = "<group>";
		};
		DBE16A3E29D7E4F3007C672D /* Helpers */ = {
			isa = PBXGroup;
			children = (
				DBE16A3F29D7E513007C672D /* UiHelpers.swift */,
				DB14C34829DABBB300F6C6D4 /* DeviceHelper.swift */,
				DB14C34C29DC338500F6C6D4 /* Extension.swift */,
			);
			path = Helpers;
			sourceTree = "<group>";
		};
/* End PBXGroup section */

/* Begin PBXNativeTarget section */
		DBE16A0E29C569EB007C672D /* MuaBanRaoVat */ = {
			isa = PBXNativeTarget;
			buildConfigurationList = DBE16A2329C569EC007C672D /* Build configuration list for PBXNativeTarget "MuaBanRaoVat" */;
			buildPhases = (
				DBE16A0B29C569EB007C672D /* Sources */,
				DBE16A0C29C569EB007C672D /* Frameworks */,
				DBE16A0D29C569EB007C672D /* Resources */,
			);
			buildRules = (
			);
			dependencies = (
			);
			name = MuaBanRaoVat;
			productName = MuaBanRaoVat;
			productReference = DBE16A0F29C569EB007C672D /* MuaBanRaoVat.app */;
			productType = "com.apple.product-type.application";
		};
/* End PBXNativeTarget section */

/* Begin PBXProject section */
		DBE16A0729C569EB007C672D /* Project object */ = {
			isa = PBXProject;
			attributes = {
				BuildIndependentTargetsInParallel = 1;
				LastSwiftUpdateCheck = 1420;
				LastUpgradeCheck = 1420;
				TargetAttributes = {
					DBE16A0E29C569EB007C672D = {
						CreatedOnToolsVersion = 14.2;
					};
				};
			};
			buildConfigurationList = DBE16A0A29C569EB007C672D /* Build configuration list for PBXProject "MuaBanRaoVat" */;
			compatibilityVersion = "Xcode 14.0";
			developmentRegion = en;
			hasScannedForEncodings = 0;
			knownRegions = (
				en,
				Base,
			);
			mainGroup = DBE16A0629C569EB007C672D;
			productRefGroup = DBE16A1029C569EB007C672D /* Products */;
			projectDirPath = "";
			projectRoot = "";
			targets = (
				DBE16A0E29C569EB007C672D /* MuaBanRaoVat */,
			);
		};
/* End PBXProject section */

/* Begin PBXResourcesBuildPhase section */
		DBE16A0D29C569EB007C672D /* Resources */ = {
			isa = PBXResourcesBuildPhase;
			buildActionMask = 2147483647;
			files = (
				DBE16A1F29C569EC007C672D /* LaunchScreen.storyboard in Resources */,
				DBE16A1C29C569EC007C672D /* Assets.xcassets in Resources */,
				DBE16A1A29C569EB007C672D /* Main.storyboard in Resources */,
			);
			runOnlyForDeploymentPostprocessing = 0;
		};
/* End PBXResourcesBuildPhase section */

/* Begin PBXSourcesBuildPhase section */
		DBE16A0B29C569EB007C672D /* Sources */ = {
			isa = PBXSourcesBuildPhase;
			buildActionMask = 2147483647;
			files = (
				DB14C34429DA943E00F6C6D4 /* LoginViewController.swift in Sources */,
				DBE16A3329D58C31007C672D /* StoryCellHomeTableViewCell.swift in Sources */,
				DBE16A1729C569EB007C672D /* ViewController.swift in Sources */,
				DBE16A1329C569EB007C672D /* AppDelegate.swift in Sources */,
				DB14C35029DE749200F6C6D4 /* RegisterViewController.swift in Sources */,
				DBE16A2E29D049C4007C672D /* AccountViewController.swift in Sources */,
				DBE16A3D29D74FBA007C672D /* ResponseCategory.swift in Sources */,
				DBE16A1529C569EB007C672D /* SceneDelegate.swift in Sources */,
				DBE16A3B29D74D12007C672D /* Constants.swift in Sources */,
				DB14C34B29DC23B300F6C6D4 /* LoginModel.swift in Sources */,
				DB14C34D29DC338500F6C6D4 /* Extension.swift in Sources */,
				DBE16A3629D59239007C672D /* StoryModel.swift in Sources */,
				DB14C34129DA8B8C00F6C6D4 /* OweTableViewCell.swift in Sources */,
				DB14C34729DAB6AD00F6C6D4 /* Delegate.swift in Sources */,
				DBE16A2A29D04812007C672D /* HomeViewController.swift in Sources */,
				DBE16A3929D73B70007C672D /* HttpData.swift in Sources */,
				DB14C34929DABBB300F6C6D4 /* DeviceHelper.swift in Sources */,
				DBE16A2C29D0498F007C672D /* PostViewController.swift in Sources */,
				DBE16A4029D7E513007C672D /* UiHelpers.swift in Sources */,
			);
			runOnlyForDeploymentPostprocessing = 0;
		};
/* End PBXSourcesBuildPhase section */

/* Begin PBXVariantGroup section */
		DBE16A1829C569EB007C672D /* Main.storyboard */ = {
			isa = PBXVariantGroup;
			children = (
				DBE16A1929C569EB007C672D /* Base */,
			);
			name = Main.storyboard;
			sourceTree = "<group>";
		};
		DBE16A1D29C569EC007C672D /* LaunchScreen.storyboard */ = {
			isa = PBXVariantGroup;
			children = (
				DBE16A1E29C569EC007C672D /* Base */,
			);
			name = LaunchScreen.storyboard;
			sourceTree = "<group>";
		};
/* End PBXVariantGroup section */

/* Begin XCBuildConfiguration section */
		DBE16A2129C569EC007C672D /* Debug */ = {
			isa = XCBuildConfiguration;
			buildSettings = {
				ALWAYS_SEARCH_USER_PATHS = NO;
				CLANG_ANALYZER_NONNULL = YES;
				CLANG_ANALYZER_NUMBER_OBJECT_CONVERSION = YES_AGGRESSIVE;
				CLANG_CXX_LANGUAGE_STANDARD = "gnu++20";
				CLANG_ENABLE_MODULES = YES;
				CLANG_ENABLE_OBJC_ARC = YES;
				CLANG_ENABLE_OBJC_WEAK = YES;
				CLANG_WARN_BLOCK_CAPTURE_AUTORELEASING = YES;
				CLANG_WARN_BOOL_CONVERSION = YES;
				CLANG_WARN_COMMA = YES;
				CLANG_WARN_CONSTANT_CONVERSION = YES;
				CLANG_WARN_DEPRECATED_OBJC_IMPLEMENTATIONS = YES;
				CLANG_WARN_DIRECT_OBJC_ISA_USAGE = YES_ERROR;
				CLANG_WARN_DOCUMENTATION_COMMENTS = YES;
				CLANG_WARN_EMPTY_BODY = YES;
				CLANG_WARN_ENUM_CONVERSION = YES;
				CLANG_WARN_INFINITE_RECURSION = YES;
				CLANG_WARN_INT_CONVERSION = YES;
				CLANG_WARN_NON_LITERAL_NULL_CONVERSION = YES;
				CLANG_WARN_OBJC_IMPLICIT_RETAIN_SELF = YES;
				CLANG_WARN_OBJC_LITERAL_CONVERSION = YES;
				CLANG_WARN_OBJC_ROOT_CLASS = YES_ERROR;
				CLANG_WARN_QUOTED_INCLUDE_IN_FRAMEWORK_HEADER = YES;
				CLANG_WARN_RANGE_LOOP_ANALYSIS = YES;
				CLANG_WARN_STRICT_PROTOTYPES = YES;
				CLANG_WARN_SUSPICIOUS_MOVE = YES;
				CLANG_WARN_UNGUARDED_AVAILABILITY = YES_AGGRESSIVE;
				CLANG_WARN_UNREACHABLE_CODE = YES;
				CLANG_WARN__DUPLICATE_METHOD_MATCH = YES;
				COPY_PHASE_STRIP = NO;
				DEBUG_INFORMATION_FORMAT = dwarf;
				ENABLE_STRICT_OBJC_MSGSEND = YES;
				ENABLE_TESTABILITY = YES;
				GCC_C_LANGUAGE_STANDARD = gnu11;
				GCC_DYNAMIC_NO_PIC = NO;
				GCC_NO_COMMON_BLOCKS = YES;
				GCC_OPTIMIZATION_LEVEL = 0;
				GCC_PREPROCESSOR_DEFINITIONS = (
					"DEBUG=1",
					"$(inherited)",
				);
				GCC_WARN_64_TO_32_BIT_CONVERSION = YES;
				GCC_WARN_ABOUT_RETURN_TYPE = YES_ERROR;
				GCC_WARN_UNDECLARED_SELECTOR = YES;
				GCC_WARN_UNINITIALIZED_AUTOS = YES_AGGRESSIVE;
				GCC_WARN_UNUSED_FUNCTION = YES;
				GCC_WARN_UNUSED_VARIABLE = YES;
				IPHONEOS_DEPLOYMENT_TARGET = 16.2;
				MTL_ENABLE_DEBUG_INFO = INCLUDE_SOURCE;
				MTL_FAST_MATH = YES;
				ONLY_ACTIVE_ARCH = YES;
				SDKROOT = iphoneos;
				SWIFT_ACTIVE_COMPILATION_CONDITIONS = DEBUG;
				SWIFT_OPTIMIZATION_LEVEL = "-Onone";
			};
			name = Debug;
		};
		DBE16A2229C569EC007C672D /* Release */ = {
			isa = XCBuildConfiguration;
			buildSettings = {
				ALWAYS_SEARCH_USER_PATHS = NO;
				CLANG_ANALYZER_NONNULL = YES;
				CLANG_ANALYZER_NUMBER_OBJECT_CONVERSION = YES_AGGRESSIVE;
				CLANG_CXX_LANGUAGE_STANDARD = "gnu++20";
				CLANG_ENABLE_MODULES = YES;
				CLANG_ENABLE_OBJC_ARC = YES;
				CLANG_ENABLE_OBJC_WEAK = YES;
				CLANG_WARN_BLOCK_CAPTURE_AUTORELEASING = YES;
				CLANG_WARN_BOOL_CONVERSION = YES;
				CLANG_WARN_COMMA = YES;
				CLANG_WARN_CONSTANT_CONVERSION = YES;
				CLANG_WARN_DEPRECATED_OBJC_IMPLEMENTATIONS = YES;
				CLANG_WARN_DIRECT_OBJC_ISA_USAGE = YES_ERROR;
				CLANG_WARN_DOCUMENTATION_COMMENTS = YES;
				CLANG_WARN_EMPTY_BODY = YES;
				CLANG_WARN_ENUM_CONVERSION = YES;
				CLANG_WARN_INFINITE_RECURSION = YES;
				CLANG_WARN_INT_CONVERSION = YES;
				CLANG_WARN_NON_LITERAL_NULL_CONVERSION = YES;
				CLANG_WARN_OBJC_IMPLICIT_RETAIN_SELF = YES;
				CLANG_WARN_OBJC_LITERAL_CONVERSION = YES;
				CLANG_WARN_OBJC_ROOT_CLASS = YES_ERROR;
				CLANG_WARN_QUOTED_INCLUDE_IN_FRAMEWORK_HEADER = YES;
				CLANG_WARN_RANGE_LOOP_ANALYSIS = YES;
				CLANG_WARN_STRICT_PROTOTYPES = YES;
				CLANG_WARN_SUSPICIOUS_MOVE = YES;
				CLANG_WARN_UNGUARDED_AVAILABILITY = YES_AGGRESSIVE;
				CLANG_WARN_UNREACHABLE_CODE = YES;
				CLANG_WARN__DUPLICATE_METHOD_MATCH = YES;
				COPY_PHASE_STRIP = NO;
				DEBUG_INFORMATION_FORMAT = "dwarf-with-dsym";
				ENABLE_NS_ASSERTIONS = NO;
				ENABLE_STRICT_OBJC_MSGSEND = YES;
				GCC_C_LANGUAGE_STANDARD = gnu11;
				GCC_NO_COMMON_BLOCKS = YES;
				GCC_WARN_64_TO_32_BIT_CONVERSION = YES;
				GCC_WARN_ABOUT_RETURN_TYPE = YES_ERROR;
				GCC_WARN_UNDECLARED_SELECTOR = YES;
				GCC_WARN_UNINITIALIZED_AUTOS = YES_AGGRESSIVE;
				GCC_WARN_UNUSED_FUNCTION = YES;
				GCC_WARN_UNUSED_VARIABLE = YES;
				IPHONEOS_DEPLOYMENT_TARGET = 16.2;
				MTL_ENABLE_DEBUG_INFO = NO;
				MTL_FAST_MATH = YES;
				SDKROOT = iphoneos;
				SWIFT_COMPILATION_MODE = wholemodule;
				SWIFT_OPTIMIZATION_LEVEL = "-O";
				VALIDATE_PRODUCT = YES;
			};
			name = Release;
		};
		DBE16A2429C569EC007C672D /* Debug */ = {
			isa = XCBuildConfiguration;
			buildSettings = {
				ASSETCATALOG_COMPILER_APPICON_NAME = AppIcon;
				ASSETCATALOG_COMPILER_GLOBAL_ACCENT_COLOR_NAME = AccentColor;
				CODE_SIGN_STYLE = Automatic;
				CURRENT_PROJECT_VERSION = 1;
				DEVELOPMENT_TEAM = 9LDZ5BRLJ6;
				GENERATE_INFOPLIST_FILE = YES;
				INFOPLIST_FILE = MuaBanRaoVat/Info.plist;
				INFOPLIST_KEY_UIApplicationSupportsIndirectInputEvents = YES;
				INFOPLIST_KEY_UILaunchStoryboardName = LaunchScreen;
				INFOPLIST_KEY_UIMainStoryboardFile = Main;
				INFOPLIST_KEY_UISupportedInterfaceOrientations_iPad = "UIInterfaceOrientationPortrait UIInterfaceOrientationPortraitUpsideDown UIInterfaceOrientationLandscapeLeft UIInterfaceOrientationLandscapeRight";
				INFOPLIST_KEY_UISupportedInterfaceOrientations_iPhone = "UIInterfaceOrientationPortrait UIInterfaceOrientationLandscapeLeft UIInterfaceOrientationLandscapeRight";
				LD_RUNPATH_SEARCH_PATHS = (
					"$(inherited)",
					"@executable_path/Frameworks",
				);
				MARKETING_VERSION = 1.0;
				PRODUCT_BUNDLE_IDENTIFIER = project01.thanhnguyen.MuaBanRaoVat;
				PRODUCT_NAME = "$(TARGET_NAME)";
				SWIFT_EMIT_LOC_STRINGS = YES;
				SWIFT_VERSION = 5.0;
				TARGETED_DEVICE_FAMILY = "1,2";
			};
			name = Debug;
		};
		DBE16A2529C569EC007C672D /* Release */ = {
			isa = XCBuildConfiguration;
			buildSettings = {
				ASSETCATALOG_COMPILER_APPICON_NAME = AppIcon;
				ASSETCATALOG_COMPILER_GLOBAL_ACCENT_COLOR_NAME = AccentColor;
				CODE_SIGN_STYLE = Automatic;
				CURRENT_PROJECT_VERSION = 1;
				DEVELOPMENT_TEAM = 9LDZ5BRLJ6;
				GENERATE_INFOPLIST_FILE = YES;
				INFOPLIST_FILE = MuaBanRaoVat/Info.plist;
				INFOPLIST_KEY_UIApplicationSupportsIndirectInputEvents = YES;
				INFOPLIST_KEY_UILaunchStoryboardName = LaunchScreen;
				INFOPLIST_KEY_UIMainStoryboardFile = Main;
				INFOPLIST_KEY_UISupportedInterfaceOrientations_iPad = "UIInterfaceOrientationPortrait UIInterfaceOrientationPortraitUpsideDown UIInterfaceOrientationLandscapeLeft UIInterfaceOrientationLandscapeRight";
				INFOPLIST_KEY_UISupportedInterfaceOrientations_iPhone = "UIInterfaceOrientationPortrait UIInterfaceOrientationLandscapeLeft UIInterfaceOrientationLandscapeRight";
				LD_RUNPATH_SEARCH_PATHS = (
					"$(inherited)",
					"@executable_path/Frameworks",
				);
				MARKETING_VERSION = 1.0;
				PRODUCT_BUNDLE_IDENTIFIER = project01.thanhnguyen.MuaBanRaoVat;
				PRODUCT_NAME = "$(TARGET_NAME)";
				SWIFT_EMIT_LOC_STRINGS = YES;
				SWIFT_VERSION = 5.0;
				TARGETED_DEVICE_FAMILY = "1,2";
			};
			name = Release;
		};
/* End XCBuildConfiguration section */

/* Begin XCConfigurationList section */
		DBE16A0A29C569EB007C672D /* Build configuration list for PBXProject "MuaBanRaoVat" */ = {
			isa = XCConfigurationList;
			buildConfigurations = (
				DBE16A2129C569EC007C672D /* Debug */,
				DBE16A2229C569EC007C672D /* Release */,
			);
			defaultConfigurationIsVisible = 0;
			defaultConfigurationName = Release;
		};
		DBE16A2329C569EC007C672D /* Build configuration list for PBXNativeTarget "MuaBanRaoVat" */ = {
			isa = XCConfigurationList;
			buildConfigurations = (
				DBE16A2429C569EC007C672D /* Debug */,
				DBE16A2529C569EC007C672D /* Release */,
			);
			defaultConfigurationIsVisible = 0;
			defaultConfigurationName = Release;
		};
/* End XCConfigurationList section */
	};
	rootObject = DBE16A0729C569EB007C672D /* Project object */;
}
